
Microsoft Visual Studio Solution File, Format Version 12.00
# Visual Studio Version 16
VisualStudioVersion = 16.0.30621.155
MinimumVisualStudioVersion = 10.0.40219.1
Project("{FAE04EC0-301F-11D3-BF4B-00C04F79EFBC}") = "5b Save Loader 4.0", "5b Save Loader 4.0\5b Save Loader 4.0.csproj", "{78CFB37E-7A66-453E-883D-92B9FA8139F3}"
EndProject
Global
	GlobalSection(SolutionConfigurationPlatforms) = preSolution
		Debug|Any CPU = Debug|Any CPU
		Release|Any CPU = Release|Any CPU
	EndGlobalSection
	GlobalSection(ProjectConfigurationPlatforms) = postSolution
		{78CFB37E-7A66-453E-883D-92B9FA8139F3}.Debug|Any CPU.ActiveCfg = Debug|Any CPU
		{78CFB37E-7A66-453E-883D-92B9FA8139F3}.Debug|Any CPU.Build.0 = Debug|Any CPU
		{78CFB37E-7A66-453E-883D-92B9FA8139F3}.Release|Any CPU.ActiveCfg = Release|Any CPU
		{78CFB37E-7A66-453E-883D-92B9FA8139F3}.Release|Any CPU.Build.0 = Release|Any CPU
	EndGlobalSection
	GlobalSection(SolutionProperties) = preSolution
		HideSolutionNode = FALSE
	EndGlobalSection
	GlobalSection(ExtensibilityGlobals) = postSolution
		SolutionGuid = {6F4A8372-1D53-46B3-AE5D-A362604A4E28}
	EndGlobalSection
EndGlobal
